version: 2.0
shards:
  ameba:
    git: https://github.com/crystal-ameba/ameba.git
    version: 1.6.4

  bz2:
    git: https://github.com/weirdbricks/bz2.cr.git
    version: 0.1.0

  crinja:
    git: https://github.com/weirdbricks/crinja.git
    version: 0.9.0+git.commit.b32a9d3587e7427833ff0aabb31571c1e48a74ef

  crystar:
    git: https://github.com/naqvis/crystar.git
    version: 0.4.0

  db:
    git: https://github.com/crystal-lang/crystal-db.git
    version: 0.14.0

  docr:
    git: https://github.com/weirdbricks/docr.git
    version: 0.1.4+git.commit.c90ea8d6a0c5eb9f842ac0da098a1718ecca66ca

  mysql:
    git: https://github.com/weirdbricks/crystal-mysql.git
    version: 0.17.0+git.commit.a91a592e518e856b44f94fbe95c1842dae8819ec

  pg:
    git: https://github.com/will/crystal-pg.git
    version: 0.30.0

  xz:
    git: https://github.com/naqvis/xz.cr.git
    version: 0.1.6

